// !$*UTF8*$!
{
	archiveVersion = 1;
	classes = {
	};
	objectVersion = 56;
	objects = {

/* Begin PBXBuildFile section */
		486ADE2E2BACC8110001DB4A /* RMCharacterGender.swift in Sources */ = {isa = PBXBuildFile; fileRef = 486ADE2D2BACC8110001DB4A /* RMCharacterGender.swift */; };
		48F59B8E2BAB70FB00D7E133 /* AppDelegate.swift in Sources */ = {isa = PBXBuildFile; fileRef = 48F59B8D2BAB70FB00D7E133 /* AppDelegate.swift */; };
		48F59B902BAB70FB00D7E133 /* SceneDelegate.swift in Sources */ = {isa = PBXBuildFile; fileRef = 48F59B8F2BAB70FB00D7E133 /* SceneDelegate.swift */; };
		48F59B972BAB70FC00D7E133 /* Assets.xcassets in Resources */ = {isa = PBXBuildFile; fileRef = 48F59B962BAB70FC00D7E133 /* Assets.xcassets */; };
		48F59B9A2BAB70FC00D7E133 /* Base in Resources */ = {isa = PBXBuildFile; fileRef = 48F59B992BAB70FC00D7E133 /* Base */; };
		48F59BA92BAB749C00D7E133 /* RMLocation.swift in Sources */ = {isa = PBXBuildFile; fileRef = 48F59BA82BAB749C00D7E133 /* RMLocation.swift */; };
		48F59BAB2BAB74B000D7E133 /* RMCharacter.swift in Sources */ = {isa = PBXBuildFile; fileRef = 48F59BAA2BAB74B000D7E133 /* RMCharacter.swift */; };
		48F59BAD2BAB74B500D7E133 /* RMEpisode.swift in Sources */ = {isa = PBXBuildFile; fileRef = 48F59BAC2BAB74B500D7E133 /* RMEpisode.swift */; };
		48F59BAF2BAB74FD00D7E133 /* RMTabBarController.swift in Sources */ = {isa = PBXBuildFile; fileRef = 48F59BAE2BAB74FD00D7E133 /* RMTabBarController.swift */; };
		48F59BB22BAB757300D7E133 /* RMCharacterViewController.swift in Sources */ = {isa = PBXBuildFile; fileRef = 48F59BB12BAB757300D7E133 /* RMCharacterViewController.swift */; };
		48F59BB42BAB757D00D7E133 /* RMLocationViewController.swift in Sources */ = {isa = PBXBuildFile; fileRef = 48F59BB32BAB757D00D7E133 /* RMLocationViewController.swift */; };
		48F59BB62BAB758200D7E133 /* RMEpisodeViewController.swift in Sources */ = {isa = PBXBuildFile; fileRef = 48F59BB52BAB758200D7E133 /* RMEpisodeViewController.swift */; };
		48F59BB82BAB759000D7E133 /* RMSettingsViewController.swift in Sources */ = {isa = PBXBuildFile; fileRef = 48F59BB72BAB759000D7E133 /* RMSettingsViewController.swift */; };
		48F59BBA2BAC173C00D7E133 /* RMService.swift in Sources */ = {isa = PBXBuildFile; fileRef = 48F59BB92BAC173C00D7E133 /* RMService.swift */; };
		48F59BBC2BAC175200D7E133 /* RMRequest.swift in Sources */ = {isa = PBXBuildFile; fileRef = 48F59BBB2BAC175200D7E133 /* RMRequest.swift */; };
		48F59BBE2BAC181700D7E133 /* RMEndpoint.swift in Sources */ = {isa = PBXBuildFile; fileRef = 48F59BBD2BAC181700D7E133 /* RMEndpoint.swift */; };
		48F59BC02BAC21F900D7E133 /* RMSingleLocation.swift in Sources */ = {isa = PBXBuildFile; fileRef = 48F59BBF2BAC21F900D7E133 /* RMSingleLocation.swift */; };
		48F59BC22BAC23DD00D7E133 /* RMCharacterStatus.swift in Sources */ = {isa = PBXBuildFile; fileRef = 48F59BC12BAC23DD00D7E133 /* RMCharacterStatus.swift */; };
/* End PBXBuildFile section */

/* Begin PBXFileReference section */
		486ADE2D2BACC8110001DB4A /* RMCharacterGender.swift */ = {isa = PBXFileReference; lastKnownFileType = sourcecode.swift; path = RMCharacterGender.swift; sourceTree = "<group>"; };
		48F59B8A2BAB70FB00D7E133 /* RickAndMorty.app */ = {isa = PBXFileReference; explicitFileType = wrapper.application; includeInIndex = 0; path = RickAndMorty.app; sourceTree = BUILT_PRODUCTS_DIR; };
		48F59B8D2BAB70FB00D7E133 /* AppDelegate.swift */ = {isa = PBXFileReference; lastKnownFileType = sourcecode.swift; path = AppDelegate.swift; sourceTree = "<group>"; };
		48F59B8F2BAB70FB00D7E133 /* SceneDelegate.swift */ = {isa = PBXFileReference; lastKnownFileType = sourcecode.swift; path = SceneDelegate.swift; sourceTree = "<group>"; };
		48F59B962BAB70FC00D7E133 /* Assets.xcassets */ = {isa = PBXFileReference; lastKnownFileType = folder.assetcatalog; path = Assets.xcassets; sourceTree = "<group>"; };
		48F59B992BAB70FC00D7E133 /* Base */ = {isa = PBXFileReference; lastKnownFileType = file.storyboard; name = Base; path = Base.lproj/LaunchScreen.storyboard; sourceTree = "<group>"; };
		48F59B9B2BAB70FC00D7E133 /* Info.plist */ = {isa = PBXFileReference; lastKnownFileType = text.plist.xml; path = Info.plist; sourceTree = "<group>"; };
		48F59BA82BAB749C00D7E133 /* RMLocation.swift */ = {isa = PBXFileReference; lastKnownFileType = sourcecode.swift; path = RMLocation.swift; sourceTree = "<group>"; };
		48F59BAA2BAB74B000D7E133 /* RMCharacter.swift */ = {isa = PBXFileReference; lastKnownFileType = sourcecode.swift; path = RMCharacter.swift; sourceTree = "<group>"; };
		48F59BAC2BAB74B500D7E133 /* RMEpisode.swift */ = {isa = PBXFileReference; lastKnownFileType = sourcecode.swift; path = RMEpisode.swift; sourceTree = "<group>"; };
		48F59BAE2BAB74FD00D7E133 /* RMTabBarController.swift */ = {isa = PBXFileReference; lastKnownFileType = sourcecode.swift; path = RMTabBarController.swift; sourceTree = "<group>"; };
		48F59BB12BAB757300D7E133 /* RMCharacterViewController.swift */ = {isa = PBXFileReference; lastKnownFileType = sourcecode.swift; path = RMCharacterViewController.swift; sourceTree = "<group>"; };
		48F59BB32BAB757D00D7E133 /* RMLocationViewController.swift */ = {isa = PBXFileReference; lastKnownFileType = sourcecode.swift; path = RMLocationViewController.swift; sourceTree = "<group>"; };
		48F59BB52BAB758200D7E133 /* RMEpisodeViewController.swift */ = {isa = PBXFileReference; lastKnownFileType = sourcecode.swift; path = RMEpisodeViewController.swift; sourceTree = "<group>"; };
		48F59BB72BAB759000D7E133 /* RMSettingsViewController.swift */ = {isa = PBXFileReference; lastKnownFileType = sourcecode.swift; path = RMSettingsViewController.swift; sourceTree = "<group>"; };
		48F59BB92BAC173C00D7E133 /* RMService.swift */ = {isa = PBXFileReference; lastKnownFileType = sourcecode.swift; path = RMService.swift; sourceTree = "<group>"; };
		48F59BBB2BAC175200D7E133 /* RMRequest.swift */ = {isa = PBXFileReference; lastKnownFileType = sourcecode.swift; path = RMRequest.swift; sourceTree = "<group>"; };
		48F59BBD2BAC181700D7E133 /* RMEndpoint.swift */ = {isa = PBXFileReference; lastKnownFileType = sourcecode.swift; path = RMEndpoint.swift; sourceTree = "<group>"; };
		48F59BBF2BAC21F900D7E133 /* RMSingleLocation.swift */ = {isa = PBXFileReference; lastKnownFileType = sourcecode.swift; path = RMSingleLocation.swift; sourceTree = "<group>"; };
		48F59BC12BAC23DD00D7E133 /* RMCharacterStatus.swift */ = {isa = PBXFileReference; lastKnownFileType = sourcecode.swift; path = RMCharacterStatus.swift; sourceTree = "<group>"; };
/* End PBXFileReference section */

/* Begin PBXFrameworksBuildPhase section */
		48F59B872BAB70FB00D7E133 /* Frameworks */ = {
			isa = PBXFrameworksBuildPhase;
			buildActionMask = 2147483647;
			files = (
			);
			runOnlyForDeploymentPostprocessing = 0;
		};
/* End PBXFrameworksBuildPhase section */

/* Begin PBXGroup section */
		48F59B812BAB70FB00D7E133 = {
			isa = PBXGroup;
			children = (
				48F59B8C2BAB70FB00D7E133 /* RickAndMorty */,
				48F59B8B2BAB70FB00D7E133 /* Products */,
			);
			sourceTree = "<group>";
		};
		48F59B8B2BAB70FB00D7E133 /* Products */ = {
			isa = PBXGroup;
			children = (
				48F59B8A2BAB70FB00D7E133 /* RickAndMorty.app */,
			);
			name = Products;
			sourceTree = "<group>";
		};
		48F59B8C2BAB70FB00D7E133 /* RickAndMorty */ = {
			isa = PBXGroup;
			children = (
				48F59BA72BAB73F900D7E133 /* Resources */,
				48F59BA62BAB73F300D7E133 /* Managers */,
				48F59BA52BAB73E500D7E133 /* APIClient */,
				48F59BA42BAB73E200D7E133 /* ViewModels */,
				48F59BA32BAB73E000D7E133 /* Views */,
				48F59BA22BAB73DE00D7E133 /* Models */,
				48F59BA12BAB73D800D7E133 /* Controllers */,
				48F59B9B2BAB70FC00D7E133 /* Info.plist */,
			);
			path = RickAndMorty;
			sourceTree = "<group>";
		};
		48F59BA12BAB73D800D7E133 /* Controllers */ = {
			isa = PBXGroup;
			children = (
				48F59BB02BAB754300D7E133 /* Core */,
			);
			path = Controllers;
			sourceTree = "<group>";
		};
		48F59BA22BAB73DE00D7E133 /* Models */ = {
			isa = PBXGroup;
			children = (
				48F59BA82BAB749C00D7E133 /* RMLocation.swift */,
				48F59BAA2BAB74B000D7E133 /* RMCharacter.swift */,
				48F59BAC2BAB74B500D7E133 /* RMEpisode.swift */,
				48F59BBF2BAC21F900D7E133 /* RMSingleLocation.swift */,
				48F59BC12BAC23DD00D7E133 /* RMCharacterStatus.swift */,
				486ADE2D2BACC8110001DB4A /* RMCharacterGender.swift */,
			);
			path = Models;
			sourceTree = "<group>";
		};
		48F59BA32BAB73E000D7E133 /* Views */ = {
			isa = PBXGroup;
			children = (
			);
			path = Views;
			sourceTree = "<group>";
		};
		48F59BA42BAB73E200D7E133 /* ViewModels */ = {
			isa = PBXGroup;
			children = (
			);
			path = ViewModels;
			sourceTree = "<group>";
		};
		48F59BA52BAB73E500D7E133 /* APIClient */ = {
			isa = PBXGroup;
			children = (
				48F59BB92BAC173C00D7E133 /* RMService.swift */,
				48F59BBB2BAC175200D7E133 /* RMRequest.swift */,
				48F59BBD2BAC181700D7E133 /* RMEndpoint.swift */,
			);
			path = APIClient;
			sourceTree = "<group>";
		};
		48F59BA62BAB73F300D7E133 /* Managers */ = {
			isa = PBXGroup;
			children = (
			);
			path = Managers;
			sourceTree = "<group>";
		};
		48F59BA72BAB73F900D7E133 /* Resources */ = {
			isa = PBXGroup;
			children = (
				48F59B962BAB70FC00D7E133 /* Assets.xcassets */,
				48F59B8D2BAB70FB00D7E133 /* AppDelegate.swift */,
				48F59B8F2BAB70FB00D7E133 /* SceneDelegate.swift */,
				48F59B982BAB70FC00D7E133 /* LaunchScreen.storyboard */,
			);
			path = Resources;
			sourceTree = "<group>";
		};
		48F59BB02BAB754300D7E133 /* Core */ = {
			isa = PBXGroup;
			children = (
				48F59BAE2BAB74FD00D7E133 /* RMTabBarController.swift */,
				48F59BB12BAB757300D7E133 /* RMCharacterViewController.swift */,
				48F59BB32BAB757D00D7E133 /* RMLocationViewController.swift */,
				48F59BB52BAB758200D7E133 /* RMEpisodeViewController.swift */,
				48F59BB72BAB759000D7E133 /* RMSettingsViewController.swift */,
			);
			path = Core;
			sourceTree = "<group>";
		};
/* End PBXGroup section */

/* Begin PBXNativeTarget section */
		48F59B892BAB70FB00D7E133 /* RickAndMorty */ = {
			isa = PBXNativeTarget;
			buildConfigurationList = 48F59B9E2BAB70FC00D7E133 /* Build configuration list for PBXNativeTarget "RickAndMorty" */;
			buildPhases = (
				48F59B862BAB70FB00D7E133 /* Sources */,
				48F59B872BAB70FB00D7E133 /* Frameworks */,
				48F59B882BAB70FB00D7E133 /* Resources */,
			);
			buildRules = (
			);
			dependencies = (
			);
			name = RickAndMorty;
			productName = RickAndMorty;
			productReference = 48F59B8A2BAB70FB00D7E133 /* RickAndMorty.app */;
			productType = "com.apple.product-type.application";
		};
/* End PBXNativeTarget section */

/* Begin PBXProject section */
		48F59B822BAB70FB00D7E133 /* Project object */ = {
			isa = PBXProject;
			attributes = {
				BuildIndependentTargetsInParallel = 1;
				LastSwiftUpdateCheck = 1530;
				LastUpgradeCheck = 1530;
				TargetAttributes = {
					48F59B892BAB70FB00D7E133 = {
						CreatedOnToolsVersion = 15.3;
					};
				};
			};
			buildConfigurationList = 48F59B852BAB70FB00D7E133 /* Build configuration list for PBXProject "RickAndMorty" */;
			compatibilityVersion = "Xcode 14.0";
			developmentRegion = en;
			hasScannedForEncodings = 0;
			knownRegions = (
				en,
				Base,
			);
			mainGroup = 48F59B812BAB70FB00D7E133;
			productRefGroup = 48F59B8B2BAB70FB00D7E133 /* Products */;
			projectDirPath = "";
			projectRoot = "";
			targets = (
				48F59B892BAB70FB00D7E133 /* RickAndMorty */,
			);
		};
/* End PBXProject section */

/* Begin PBXResourcesBuildPhase section */
		48F59B882BAB70FB00D7E133 /* Resources */ = {
			isa = PBXResourcesBuildPhase;
			buildActionMask = 2147483647;
			files = (
				48F59B972BAB70FC00D7E133 /* Assets.xcassets in Resources */,
				48F59B9A2BAB70FC00D7E133 /* Base in Resources */,
			);
			runOnlyForDeploymentPostprocessing = 0;
		};
/* End PBXResourcesBuildPhase section */

/* Begin PBXSourcesBuildPhase section */
		48F59B862BAB70FB00D7E133 /* Sources */ = {
			isa = PBXSourcesBuildPhase;
			buildActionMask = 2147483647;
			files = (
				48F59BB42BAB757D00D7E133 /* RMLocationViewController.swift in Sources */,
				48F59BAD2BAB74B500D7E133 /* RMEpisode.swift in Sources */,
				48F59BAF2BAB74FD00D7E133 /* RMTabBarController.swift in Sources */,
				486ADE2E2BACC8110001DB4A /* RMCharacterGender.swift in Sources */,
				48F59BC02BAC21F900D7E133 /* RMSingleLocation.swift in Sources */,
				48F59BB62BAB758200D7E133 /* RMEpisodeViewController.swift in Sources */,
				48F59BC22BAC23DD00D7E133 /* RMCharacterStatus.swift in Sources */,
				48F59B8E2BAB70FB00D7E133 /* AppDelegate.swift in Sources */,
				48F59B902BAB70FB00D7E133 /* SceneDelegate.swift in Sources */,
				48F59BB82BAB759000D7E133 /* RMSettingsViewController.swift in Sources */,
				48F59BBA2BAC173C00D7E133 /* RMService.swift in Sources */,
				48F59BA92BAB749C00D7E133 /* RMLocation.swift in Sources */,
				48F59BBE2BAC181700D7E133 /* RMEndpoint.swift in Sources */,
				48F59BAB2BAB74B000D7E133 /* RMCharacter.swift in Sources */,
				48F59BBC2BAC175200D7E133 /* RMRequest.swift in Sources */,
				48F59BB22BAB757300D7E133 /* RMCharacterViewController.swift in Sources */,
			);
			runOnlyForDeploymentPostprocessing = 0;
		};
/* End PBXSourcesBuildPhase section */

/* Begin PBXVariantGroup section */
		48F59B982BAB70FC00D7E133 /* LaunchScreen.storyboard */ = {
			isa = PBXVariantGroup;
			children = (
				48F59B992BAB70FC00D7E133 /* Base */,
			);
			name = LaunchScreen.storyboard;
			sourceTree = "<group>";
		};
/* End PBXVariantGroup section */

/* Begin XCBuildConfiguration section */
		48F59B9C2BAB70FC00D7E133 /* Debug */ = {
			isa = XCBuildConfiguration;
			buildSettings = {
				ALWAYS_SEARCH_USER_PATHS = NO;
				ASSETCATALOG_COMPILER_GENERATE_SWIFT_ASSET_SYMBOL_EXTENSIONS = YES;
				CLANG_ANALYZER_NONNULL = YES;
				CLANG_ANALYZER_NUMBER_OBJECT_CONVERSION = YES_AGGRESSIVE;
				CLANG_CXX_LANGUAGE_STANDARD = "gnu++20";
				CLANG_ENABLE_MODULES = YES;
				CLANG_ENABLE_OBJC_ARC = YES;
				CLANG_ENABLE_OBJC_WEAK = YES;
				CLANG_WARN_BLOCK_CAPTURE_AUTORELEASING = YES;
				CLANG_WARN_BOOL_CONVERSION = YES;
				CLANG_WARN_COMMA = YES;
				CLANG_WARN_CONSTANT_CONVERSION = YES;
				CLANG_WARN_DEPRECATED_OBJC_IMPLEMENTATIONS = YES;
				CLANG_WARN_DIRECT_OBJC_ISA_USAGE = YES_ERROR;
				CLANG_WARN_DOCUMENTATION_COMMENTS = YES;
				CLANG_WARN_EMPTY_BODY = YES;
				CLANG_WARN_ENUM_CONVERSION = YES;
				CLANG_WARN_INFINITE_RECURSION = YES;
				CLANG_WARN_INT_CONVERSION = YES;
				CLANG_WARN_NON_LITERAL_NULL_CONVERSION = YES;
				CLANG_WARN_OBJC_IMPLICIT_RETAIN_SELF = YES;
				CLANG_WARN_OBJC_LITERAL_CONVERSION = YES;
				CLANG_WARN_OBJC_ROOT_CLASS = YES_ERROR;
				CLANG_WARN_QUOTED_INCLUDE_IN_FRAMEWORK_HEADER = YES;
				CLANG_WARN_RANGE_LOOP_ANALYSIS = YES;
				CLANG_WARN_STRICT_PROTOTYPES = YES;
				CLANG_WARN_SUSPICIOUS_MOVE = YES;
				CLANG_WARN_UNGUARDED_AVAILABILITY = YES_AGGRESSIVE;
				CLANG_WARN_UNREACHABLE_CODE = YES;
				CLANG_WARN__DUPLICATE_METHOD_MATCH = YES;
				COPY_PHASE_STRIP = NO;
				DEBUG_INFORMATION_FORMAT = dwarf;
				ENABLE_STRICT_OBJC_MSGSEND = YES;
				ENABLE_TESTABILITY = YES;
				ENABLE_USER_SCRIPT_SANDBOXING = YES;
				GCC_C_LANGUAGE_STANDARD = gnu17;
				GCC_DYNAMIC_NO_PIC = NO;
				GCC_NO_COMMON_BLOCKS = YES;
				GCC_OPTIMIZATION_LEVEL = 0;
				GCC_PREPROCESSOR_DEFINITIONS = (
					"DEBUG=1",
					"$(inherited)",
				);
				GCC_WARN_64_TO_32_BIT_CONVERSION = YES;
				GCC_WARN_ABOUT_RETURN_TYPE = YES_ERROR;
				GCC_WARN_UNDECLARED_SELECTOR = YES;
				GCC_WARN_UNINITIALIZED_AUTOS = YES_AGGRESSIVE;
				GCC_WARN_UNUSED_FUNCTION = YES;
				GCC_WARN_UNUSED_VARIABLE = YES;
				IPHONEOS_DEPLOYMENT_TARGET = 17.4;
				LOCALIZATION_PREFERS_STRING_CATALOGS = YES;
				MTL_ENABLE_DEBUG_INFO = INCLUDE_SOURCE;
				MTL_FAST_MATH = YES;
				ONLY_ACTIVE_ARCH = YES;
				SDKROOT = iphoneos;
				SWIFT_ACTIVE_COMPILATION_CONDITIONS = "DEBUG $(inherited)";
				SWIFT_OPTIMIZATION_LEVEL = "-Onone";
			};
			name = Debug;
		};
		48F59B9D2BAB70FC00D7E133 /* Release */ = {
			isa = XCBuildConfiguration;
			buildSettings = {
				ALWAYS_SEARCH_USER_PATHS = NO;
				ASSETCATALOG_COMPILER_GENERATE_SWIFT_ASSET_SYMBOL_EXTENSIONS = YES;
				CLANG_ANALYZER_NONNULL = YES;
				CLANG_ANALYZER_NUMBER_OBJECT_CONVERSION = YES_AGGRESSIVE;
				CLANG_CXX_LANGUAGE_STANDARD = "gnu++20";
				CLANG_ENABLE_MODULES = YES;
				CLANG_ENABLE_OBJC_ARC = YES;
				CLANG_ENABLE_OBJC_WEAK = YES;
				CLANG_WARN_BLOCK_CAPTURE_AUTORELEASING = YES;
				CLANG_WARN_BOOL_CONVERSION = YES;
				CLANG_WARN_COMMA = YES;
				CLANG_WARN_CONSTANT_CONVERSION = YES;
				CLANG_WARN_DEPRECATED_OBJC_IMPLEMENTATIONS = YES;
				CLANG_WARN_DIRECT_OBJC_ISA_USAGE = YES_ERROR;
				CLANG_WARN_DOCUMENTATION_COMMENTS = YES;
				CLANG_WARN_EMPTY_BODY = YES;
				CLANG_WARN_ENUM_CONVERSION = YES;
				CLANG_WARN_INFINITE_RECURSION = YES;
				CLANG_WARN_INT_CONVERSION = YES;
				CLANG_WARN_NON_LITERAL_NULL_CONVERSION = YES;
				CLANG_WARN_OBJC_IMPLICIT_RETAIN_SELF = YES;
				CLANG_WARN_OBJC_LITERAL_CONVERSION = YES;
				CLANG_WARN_OBJC_ROOT_CLASS = YES_ERROR;
				CLANG_WARN_QUOTED_INCLUDE_IN_FRAMEWORK_HEADER = YES;
				CLANG_WARN_RANGE_LOOP_ANALYSIS = YES;
				CLANG_WARN_STRICT_PROTOTYPES = YES;
				CLANG_WARN_SUSPICIOUS_MOVE = YES;
				CLANG_WARN_UNGUARDED_AVAILABILITY = YES_AGGRESSIVE;
				CLANG_WARN_UNREACHABLE_CODE = YES;
				CLANG_WARN__DUPLICATE_METHOD_MATCH = YES;
				COPY_PHASE_STRIP = NO;
				DEBUG_INFORMATION_FORMAT = "dwarf-with-dsym";
				ENABLE_NS_ASSERTIONS = NO;
				ENABLE_STRICT_OBJC_MSGSEND = YES;
				ENABLE_USER_SCRIPT_SANDBOXING = YES;
				GCC_C_LANGUAGE_STANDARD = gnu17;
				GCC_NO_COMMON_BLOCKS = YES;
				GCC_WARN_64_TO_32_BIT_CONVERSION = YES;
				GCC_WARN_ABOUT_RETURN_TYPE = YES_ERROR;
				GCC_WARN_UNDECLARED_SELECTOR = YES;
				GCC_WARN_UNINITIALIZED_AUTOS = YES_AGGRESSIVE;
				GCC_WARN_UNUSED_FUNCTION = YES;
				GCC_WARN_UNUSED_VARIABLE = YES;
				IPHONEOS_DEPLOYMENT_TARGET = 17.4;
				LOCALIZATION_PREFERS_STRING_CATALOGS = YES;
				MTL_ENABLE_DEBUG_INFO = NO;
				MTL_FAST_MATH = YES;
				SDKROOT = iphoneos;
				SWIFT_COMPILATION_MODE = wholemodule;
				VALIDATE_PRODUCT = YES;
			};
			name = Release;
		};
		48F59B9F2BAB70FC00D7E133 /* Debug */ = {
			isa = XCBuildConfiguration;
			buildSettings = {
				ASSETCATALOG_COMPILER_APPICON_NAME = AppIcon;
				ASSETCATALOG_COMPILER_GLOBAL_ACCENT_COLOR_NAME = AccentColor;
				CODE_SIGN_STYLE = Automatic;
				CURRENT_PROJECT_VERSION = 1;
				DEVELOPMENT_TEAM = 9R88P6RK52;
				GENERATE_INFOPLIST_FILE = YES;
				INFOPLIST_FILE = RickAndMorty/Info.plist;
				INFOPLIST_KEY_UIApplicationSupportsIndirectInputEvents = YES;
				INFOPLIST_KEY_UILaunchStoryboardName = LaunchScreen;
				INFOPLIST_KEY_UISupportedInterfaceOrientations_iPad = "UIInterfaceOrientationPortrait UIInterfaceOrientationPortraitUpsideDown UIInterfaceOrientationLandscapeLeft UIInterfaceOrientationLandscapeRight";
				INFOPLIST_KEY_UISupportedInterfaceOrientations_iPhone = "UIInterfaceOrientationPortrait UIInterfaceOrientationLandscapeLeft UIInterfaceOrientationLandscapeRight";
				LD_RUNPATH_SEARCH_PATHS = (
					"$(inherited)",
					"@executable_path/Frameworks",
				);
				MARKETING_VERSION = 1.0;
				PRODUCT_BUNDLE_IDENTIFIER = com.st1ggy.RickAndMorty;
				PRODUCT_NAME = "$(TARGET_NAME)";
				SWIFT_EMIT_LOC_STRINGS = YES;
				SWIFT_VERSION = 5.0;
				TARGETED_DEVICE_FAMILY = "1,2";
			};
			name = Debug;
		};
		48F59BA02BAB70FC00D7E133 /* Release */ = {
			isa = XCBuildConfiguration;
			buildSettings = {
				ASSETCATALOG_COMPILER_APPICON_NAME = AppIcon;
				ASSETCATALOG_COMPILER_GLOBAL_ACCENT_COLOR_NAME = AccentColor;
				CODE_SIGN_STYLE = Automatic;
				CURRENT_PROJECT_VERSION = 1;
				DEVELOPMENT_TEAM = 9R88P6RK52;
				GENERATE_INFOPLIST_FILE = YES;
				INFOPLIST_FILE = RickAndMorty/Info.plist;
				INFOPLIST_KEY_UIApplicationSupportsIndirectInputEvents = YES;
				INFOPLIST_KEY_UILaunchStoryboardName = LaunchScreen;
				INFOPLIST_KEY_UISupportedInterfaceOrientations_iPad = "UIInterfaceOrientationPortrait UIInterfaceOrientationPortraitUpsideDown UIInterfaceOrientationLandscapeLeft UIInterfaceOrientationLandscapeRight";
				INFOPLIST_KEY_UISupportedInterfaceOrientations_iPhone = "UIInterfaceOrientationPortrait UIInterfaceOrientationLandscapeLeft UIInterfaceOrientationLandscapeRight";
				LD_RUNPATH_SEARCH_PATHS = (
					"$(inherited)",
					"@executable_path/Frameworks",
				);
				MARKETING_VERSION = 1.0;
				PRODUCT_BUNDLE_IDENTIFIER = com.st1ggy.RickAndMorty;
				PRODUCT_NAME = "$(TARGET_NAME)";
				SWIFT_EMIT_LOC_STRINGS = YES;
				SWIFT_VERSION = 5.0;
				TARGETED_DEVICE_FAMILY = "1,2";
			};
			name = Release;
		};
/* End XCBuildConfiguration section */

/* Begin XCConfigurationList section */
		48F59B852BAB70FB00D7E133 /* Build configuration list for PBXProject "RickAndMorty" */ = {
			isa = XCConfigurationList;
			buildConfigurations = (
				48F59B9C2BAB70FC00D7E133 /* Debug */,
				48F59B9D2BAB70FC00D7E133 /* Release */,
			);
			defaultConfigurationIsVisible = 0;
			defaultConfigurationName = Release;
		};
		48F59B9E2BAB70FC00D7E133 /* Build configuration list for PBXNativeTarget "RickAndMorty" */ = {
			isa = XCConfigurationList;
			buildConfigurations = (
				48F59B9F2BAB70FC00D7E133 /* Debug */,
				48F59BA02BAB70FC00D7E133 /* Release */,
			);
			defaultConfigurationIsVisible = 0;
			defaultConfigurationName = Release;
		};
/* End XCConfigurationList section */
	};
	rootObject = 48F59B822BAB70FB00D7E133 /* Project object */;
}
